// !$*UTF8*$!
{
	archiveVersion = 1;
	classes = {
	};
	objectVersion = 55;
	objects = {

/* Begin PBXBuildFile section */
		22BDBD4A275FA10B00F70AA4 /* AssignmentClass.swift in Sources */ = {isa = PBXBuildFile; fileRef = 22BDBD49275FA10B00F70AA4 /* AssignmentClass.swift */; };
		B940AF9127565E8700803314 /* AppDelegate.swift in Sources */ = {isa = PBXBuildFile; fileRef = B940AF9027565E8700803314 /* AppDelegate.swift */; };
		B940AF9327565E8700803314 /* SceneDelegate.swift in Sources */ = {isa = PBXBuildFile; fileRef = B940AF9227565E8700803314 /* SceneDelegate.swift */; };
		B940AF9527565E8700803314 /* ViewController.swift in Sources */ = {isa = PBXBuildFile; fileRef = B940AF9427565E8700803314 /* ViewController.swift */; };
		B940AF9827565E8700803314 /* Main.storyboard in Resources */ = {isa = PBXBuildFile; fileRef = B940AF9627565E8700803314 /* Main.storyboard */; };
		B940AF9B27565E8700803314 /* AssignmentNotebook.xcdatamodeld in Sources */ = {isa = PBXBuildFile; fileRef = B940AF9927565E8700803314 /* AssignmentNotebook.xcdatamodeld */; };
		B940AF9D27565E8900803314 /* Assets.xcassets in Resources */ = {isa = PBXBuildFile; fileRef = B940AF9C27565E8900803314 /* Assets.xcassets */; };
		B940AFA027565E8900803314 /* LaunchScreen.storyboard in Resources */ = {isa = PBXBuildFile; fileRef = B940AF9E27565E8900803314 /* LaunchScreen.storyboard */; };
		B940AFA827565F6100803314 /* SecondViewController.swift in Sources */ = {isa = PBXBuildFile; fileRef = B940AFA727565F6100803314 /* SecondViewController.swift */; };
		B940AFAA27565F7500803314 /* ThirdViewController.swift in Sources */ = {isa = PBXBuildFile; fileRef = B940AFA927565F7500803314 /* ThirdViewController.swift */; };
		B940AFAC27565F9600803314 /* FourthViewController.swift in Sources */ = {isa = PBXBuildFile; fileRef = B940AFAB27565F9600803314 /* FourthViewController.swift */; };
		B997B82D275A5C0800A3D654 /* notesClass.swift in Sources */ = {isa = PBXBuildFile; fileRef = B997B82C275A5C0800A3D654 /* notesClass.swift */; };
		B9C5C9E72759037700B167F1 /* Notebook.swift in Sources */ = {isa = PBXBuildFile; fileRef = B9C5C9E62759037700B167F1 /* Notebook.swift */; };
/* End PBXBuildFile section */

/* Begin PBXFileReference section */
		22BDBD49275FA10B00F70AA4 /* AssignmentClass.swift */ = {isa = PBXFileReference; lastKnownFileType = sourcecode.swift; path = AssignmentClass.swift; sourceTree = "<group>"; };
		B940AF8D27565E8700803314 /* AssignmentNotebook.app */ = {isa = PBXFileReference; explicitFileType = wrapper.application; includeInIndex = 0; path = AssignmentNotebook.app; sourceTree = BUILT_PRODUCTS_DIR; };
		B940AF9027565E8700803314 /* AppDelegate.swift */ = {isa = PBXFileReference; lastKnownFileType = sourcecode.swift; path = AppDelegate.swift; sourceTree = "<group>"; };
		B940AF9227565E8700803314 /* SceneDelegate.swift */ = {isa = PBXFileReference; lastKnownFileType = sourcecode.swift; path = SceneDelegate.swift; sourceTree = "<group>"; };
		B940AF9427565E8700803314 /* ViewController.swift */ = {isa = PBXFileReference; lastKnownFileType = sourcecode.swift; path = ViewController.swift; sourceTree = "<group>"; };
		B940AF9727565E8700803314 /* Base */ = {isa = PBXFileReference; lastKnownFileType = file.storyboard; name = Base; path = Base.lproj/Main.storyboard; sourceTree = "<group>"; };
		B940AF9A27565E8700803314 /* AssignmentNotebook.xcdatamodel */ = {isa = PBXFileReference; lastKnownFileType = wrapper.xcdatamodel; path = AssignmentNotebook.xcdatamodel; sourceTree = "<group>"; };
		B940AF9C27565E8900803314 /* Assets.xcassets */ = {isa = PBXFileReference; lastKnownFileType = folder.assetcatalog; path = Assets.xcassets; sourceTree = "<group>"; };
		B940AF9F27565E8900803314 /* Base */ = {isa = PBXFileReference; lastKnownFileType = file.storyboard; name = Base; path = Base.lproj/LaunchScreen.storyboard; sourceTree = "<group>"; };
		B940AFA127565E8900803314 /* Info.plist */ = {isa = PBXFileReference; lastKnownFileType = text.plist.xml; path = Info.plist; sourceTree = "<group>"; };
		B940AFA727565F6100803314 /* SecondViewController.swift */ = {isa = PBXFileReference; lastKnownFileType = sourcecode.swift; path = SecondViewController.swift; sourceTree = "<group>"; };
		B940AFA927565F7500803314 /* ThirdViewController.swift */ = {isa = PBXFileReference; lastKnownFileType = sourcecode.swift; path = ThirdViewController.swift; sourceTree = "<group>"; };
		B940AFAB27565F9600803314 /* FourthViewController.swift */ = {isa = PBXFileReference; lastKnownFileType = sourcecode.swift; path = FourthViewController.swift; sourceTree = "<group>"; };
		B997B82C275A5C0800A3D654 /* notesClass.swift */ = {isa = PBXFileReference; lastKnownFileType = sourcecode.swift; path = notesClass.swift; sourceTree = "<group>"; };
		B9C5C9E62759037700B167F1 /* Notebook.swift */ = {isa = PBXFileReference; lastKnownFileType = sourcecode.swift; path = Notebook.swift; sourceTree = "<group>"; };
/* End PBXFileReference section */

/* Begin PBXFrameworksBuildPhase section */
		B940AF8A27565E8700803314 /* Frameworks */ = {
			isa = PBXFrameworksBuildPhase;
			buildActionMask = 2147483647;
			files = (
			);
			runOnlyForDeploymentPostprocessing = 0;
		};
/* End PBXFrameworksBuildPhase section */

/* Begin PBXGroup section */
		B940AF8427565E8700803314 = {
			isa = PBXGroup;
			children = (
				B940AF8F27565E8700803314 /* AssignmentNotebook */,
				B940AF8E27565E8700803314 /* Products */,
			);
			sourceTree = "<group>";
		};
		B940AF8E27565E8700803314 /* Products */ = {
			isa = PBXGroup;
			children = (
				B940AF8D27565E8700803314 /* AssignmentNotebook.app */,
			);
			name = Products;
			sourceTree = "<group>";
		};
		B940AF8F27565E8700803314 /* AssignmentNotebook */ = {
			isa = PBXGroup;
			children = (
				B940AF9027565E8700803314 /* AppDelegate.swift */,
				B940AF9227565E8700803314 /* SceneDelegate.swift */,
				B940AF9427565E8700803314 /* ViewController.swift */,
				B940AF9627565E8700803314 /* Main.storyboard */,
				22BDBD49275FA10B00F70AA4 /* AssignmentClass.swift */,
				B997B82C275A5C0800A3D654 /* notesClass.swift */,
				B9C5C9E62759037700B167F1 /* Notebook.swift */,
				B940AFAB27565F9600803314 /* FourthViewController.swift */,
				B940AFA727565F6100803314 /* SecondViewController.swift */,
				B940AFA927565F7500803314 /* ThirdViewController.swift */,
				B940AF9C27565E8900803314 /* Assets.xcassets */,
				B940AF9E27565E8900803314 /* LaunchScreen.storyboard */,
				B940AFA127565E8900803314 /* Info.plist */,
				B940AF9927565E8700803314 /* AssignmentNotebook.xcdatamodeld */,
			);
			path = AssignmentNotebook;
			sourceTree = "<group>";
		};
/* End PBXGroup section */

/* Begin PBXNativeTarget section */
		B940AF8C27565E8700803314 /* AssignmentNotebook */ = {
			isa = PBXNativeTarget;
			buildConfigurationList = B940AFA427565E8900803314 /* Build configuration list for PBXNativeTarget "AssignmentNotebook" */;
			buildPhases = (
				B940AF8927565E8700803314 /* Sources */,
				B940AF8A27565E8700803314 /* Frameworks */,
				B940AF8B27565E8700803314 /* Resources */,
			);
			buildRules = (
			);
			dependencies = (
			);
			name = AssignmentNotebook;
			productName = AssignmentNotebook;
			productReference = B940AF8D27565E8700803314 /* AssignmentNotebook.app */;
			productType = "com.apple.product-type.application";
		};
/* End PBXNativeTarget section */

/* Begin PBXProject section */
		B940AF8527565E8700803314 /* Project object */ = {
			isa = PBXProject;
			attributes = {
				BuildIndependentTargetsInParallel = 1;
				LastSwiftUpdateCheck = 1300;
				LastUpgradeCheck = 1300;
				TargetAttributes = {
					B940AF8C27565E8700803314 = {
						CreatedOnToolsVersion = 13.0;
					};
				};
			};
			buildConfigurationList = B940AF8827565E8700803314 /* Build configuration list for PBXProject "AssignmentNotebook" */;
			compatibilityVersion = "Xcode 13.0";
			developmentRegion = en;
			hasScannedForEncodings = 0;
			knownRegions = (
				en,
				Base,
			);
			mainGroup = B940AF8427565E8700803314;
			productRefGroup = B940AF8E27565E8700803314 /* Products */;
			projectDirPath = "";
			projectRoot = "";
			targets = (
				B940AF8C27565E8700803314 /* AssignmentNotebook */,
			);
		};
/* End PBXProject section */

/* Begin PBXResourcesBuildPhase section */
		B940AF8B27565E8700803314 /* Resources */ = {
			isa = PBXResourcesBuildPhase;
			buildActionMask = 2147483647;
			files = (
				B940AFA027565E8900803314 /* LaunchScreen.storyboard in Resources */,
				B940AF9D27565E8900803314 /* Assets.xcassets in Resources */,
				B940AF9827565E8700803314 /* Main.storyboard in Resources */,
			);
			runOnlyForDeploymentPostprocessing = 0;
		};
/* End PBXResourcesBuildPhase section */

/* Begin PBXSourcesBuildPhase section */
		B940AF8927565E8700803314 /* Sources */ = {
			isa = PBXSourcesBuildPhase;
			buildActionMask = 2147483647;
			files = (
				B940AF9527565E8700803314 /* ViewController.swift in Sources */,
				B997B82D275A5C0800A3D654 /* notesClass.swift in Sources */,
				B940AF9B27565E8700803314 /* AssignmentNotebook.xcdatamodeld in Sources */,
				B9C5C9E72759037700B167F1 /* Notebook.swift in Sources */,
				B940AF9127565E8700803314 /* AppDelegate.swift in Sources */,
				22BDBD4A275FA10B00F70AA4 /* AssignmentClass.swift in Sources */,
				B940AFAC27565F9600803314 /* FourthViewController.swift in Sources */,
				B940AFA827565F6100803314 /* SecondViewController.swift in Sources */,
				B940AFAA27565F7500803314 /* ThirdViewController.swift in Sources */,
				B940AF9327565E8700803314 /* SceneDelegate.swift in Sources */,
			);
			runOnlyForDeploymentPostprocessing = 0;
		};
/* End PBXSourcesBuildPhase section */

/* Begin PBXVariantGroup section */
		B940AF9627565E8700803314 /* Main.storyboard */ = {
			isa = PBXVariantGroup;
			children = (
				B940AF9727565E8700803314 /* Base */,
			);
			name = Main.storyboard;
			sourceTree = "<group>";
		};
		B940AF9E27565E8900803314 /* LaunchScreen.storyboard */ = {
			isa = PBXVariantGroup;
			children = (
				B940AF9F27565E8900803314 /* Base */,
			);
			name = LaunchScreen.storyboard;
			sourceTree = "<group>";
		};
/* End PBXVariantGroup section */

/* Begin XCBuildConfiguration section */
		B940AFA227565E8900803314 /* Debug */ = {
			isa = XCBuildConfiguration;
			buildSettings = {
				ALWAYS_SEARCH_USER_PATHS = NO;
				CLANG_ANALYZER_NONNULL = YES;
				CLANG_ANALYZER_NUMBER_OBJECT_CONVERSION = YES_AGGRESSIVE;
				CLANG_CXX_LANGUAGE_STANDARD = "gnu++17";
				CLANG_CXX_LIBRARY = "libc++";
				CLANG_ENABLE_MODULES = YES;
				CLANG_ENABLE_OBJC_ARC = YES;
				CLANG_ENABLE_OBJC_WEAK = YES;
				CLANG_WARN_BLOCK_CAPTURE_AUTORELEASING = YES;
				CLANG_WARN_BOOL_CONVERSION = YES;
				CLANG_WARN_COMMA = YES;
				CLANG_WARN_CONSTANT_CONVERSION = YES;
				CLANG_WARN_DEPRECATED_OBJC_IMPLEMENTATIONS = YES;
				CLANG_WARN_DIRECT_OBJC_ISA_USAGE = YES_ERROR;
				CLANG_WARN_DOCUMENTATION_COMMENTS = YES;
				CLANG_WARN_EMPTY_BODY = YES;
				CLANG_WARN_ENUM_CONVERSION = YES;
				CLANG_WARN_INFINITE_RECURSION = YES;
				CLANG_WARN_INT_CONVERSION = YES;
				CLANG_WARN_NON_LITERAL_NULL_CONVERSION = YES;
				CLANG_WARN_OBJC_IMPLICIT_RETAIN_SELF = YES;
				CLANG_WARN_OBJC_LITERAL_CONVERSION = YES;
				CLANG_WARN_OBJC_ROOT_CLASS = YES_ERROR;
				CLANG_WARN_QUOTED_INCLUDE_IN_FRAMEWORK_HEADER = YES;
				CLANG_WARN_RANGE_LOOP_ANALYSIS = YES;
				CLANG_WARN_STRICT_PROTOTYPES = YES;
				CLANG_WARN_SUSPICIOUS_MOVE = YES;
				CLANG_WARN_UNGUARDED_AVAILABILITY = YES_AGGRESSIVE;
				CLANG_WARN_UNREACHABLE_CODE = YES;
				CLANG_WARN__DUPLICATE_METHOD_MATCH = YES;
				COPY_PHASE_STRIP = NO;
				DEBUG_INFORMATION_FORMAT = dwarf;
				ENABLE_STRICT_OBJC_MSGSEND = YES;
				ENABLE_TESTABILITY = YES;
				GCC_C_LANGUAGE_STANDARD = gnu11;
				GCC_DYNAMIC_NO_PIC = NO;
				GCC_NO_COMMON_BLOCKS = YES;
				GCC_OPTIMIZATION_LEVEL = 0;
				GCC_PREPROCESSOR_DEFINITIONS = (
					"DEBUG=1",
					"$(inherited)",
				);
				GCC_WARN_64_TO_32_BIT_CONVERSION = YES;
				GCC_WARN_ABOUT_RETURN_TYPE = YES_ERROR;
				GCC_WARN_UNDECLARED_SELECTOR = YES;
				GCC_WARN_UNINITIALIZED_AUTOS = YES_AGGRESSIVE;
				GCC_WARN_UNUSED_FUNCTION = YES;
				GCC_WARN_UNUSED_VARIABLE = YES;
				IPHONEOS_DEPLOYMENT_TARGET = 15.0;
				MTL_ENABLE_DEBUG_INFO = INCLUDE_SOURCE;
				MTL_FAST_MATH = YES;
				ONLY_ACTIVE_ARCH = YES;
				SDKROOT = iphoneos;
				SWIFT_ACTIVE_COMPILATION_CONDITIONS = DEBUG;
				SWIFT_OPTIMIZATION_LEVEL = "-Onone";
			};
			name = Debug;
		};
		B940AFA327565E8900803314 /* Release */ = {
			isa = XCBuildConfiguration;
			buildSettings = {
				ALWAYS_SEARCH_USER_PATHS = NO;
				CLANG_ANALYZER_NONNULL = YES;
				CLANG_ANALYZER_NUMBER_OBJECT_CONVERSION = YES_AGGRESSIVE;
				CLANG_CXX_LANGUAGE_STANDARD = "gnu++17";
				CLANG_CXX_LIBRARY = "libc++";
				CLANG_ENABLE_MODULES = YES;
				CLANG_ENABLE_OBJC_ARC = YES;
				CLANG_ENABLE_OBJC_WEAK = YES;
				CLANG_WARN_BLOCK_CAPTURE_AUTORELEASING = YES;
				CLANG_WARN_BOOL_CONVERSION = YES;
				CLANG_WARN_COMMA = YES;
				CLANG_WARN_CONSTANT_CONVERSION = YES;
				CLANG_WARN_DEPRECATED_OBJC_IMPLEMENTATIONS = YES;
				CLANG_WARN_DIRECT_OBJC_ISA_USAGE = YES_ERROR;
				CLANG_WARN_DOCUMENTATION_COMMENTS = YES;
				CLANG_WARN_EMPTY_BODY = YES;
				CLANG_WARN_ENUM_CONVERSION = YES;
				CLANG_WARN_INFINITE_RECURSION = YES;
				CLANG_WARN_INT_CONVERSION = YES;
				CLANG_WARN_NON_LITERAL_NULL_CONVERSION = YES;
				CLANG_WARN_OBJC_IMPLICIT_RETAIN_SELF = YES;
				CLANG_WARN_OBJC_LITERAL_CONVERSION = YES;
				CLANG_WARN_OBJC_ROOT_CLASS = YES_ERROR;
				CLANG_WARN_QUOTED_INCLUDE_IN_FRAMEWORK_HEADER = YES;
				CLANG_WARN_RANGE_LOOP_ANALYSIS = YES;
				CLANG_WARN_STRICT_PROTOTYPES = YES;
				CLANG_WARN_SUSPICIOUS_MOVE = YES;
				CLANG_WARN_UNGUARDED_AVAILABILITY = YES_AGGRESSIVE;
				CLANG_WARN_UNREACHABLE_CODE = YES;
				CLANG_WARN__DUPLICATE_METHOD_MATCH = YES;
				COPY_PHASE_STRIP = NO;
				DEBUG_INFORMATION_FORMAT = "dwarf-with-dsym";
				ENABLE_NS_ASSERTIONS = NO;
				ENABLE_STRICT_OBJC_MSGSEND = YES;
				GCC_C_LANGUAGE_STANDARD = gnu11;
				GCC_NO_COMMON_BLOCKS = YES;
				GCC_WARN_64_TO_32_BIT_CONVERSION = YES;
				GCC_WARN_ABOUT_RETURN_TYPE = YES_ERROR;
				GCC_WARN_UNDECLARED_SELECTOR = YES;
				GCC_WARN_UNINITIALIZED_AUTOS = YES_AGGRESSIVE;
				GCC_WARN_UNUSED_FUNCTION = YES;
				GCC_WARN_UNUSED_VARIABLE = YES;
				IPHONEOS_DEPLOYMENT_TARGET = 15.0;
				MTL_ENABLE_DEBUG_INFO = NO;
				MTL_FAST_MATH = YES;
				SDKROOT = iphoneos;
				SWIFT_COMPILATION_MODE = wholemodule;
				SWIFT_OPTIMIZATION_LEVEL = "-O";
				VALIDATE_PRODUCT = YES;
			};
			name = Release;
		};
		B940AFA527565E8900803314 /* Debug */ = {
			isa = XCBuildConfiguration;
			buildSettings = {
				ASSETCATALOG_COMPILER_APPICON_NAME = AppIcon;
				ASSETCATALOG_COMPILER_GLOBAL_ACCENT_COLOR_NAME = AccentColor;
				CODE_SIGN_STYLE = Automatic;
				CURRENT_PROJECT_VERSION = 1;
				DEVELOPMENT_TEAM = A59HU95FY2;
				GENERATE_INFOPLIST_FILE = YES;
				INFOPLIST_FILE = AssignmentNotebook/Info.plist;
				INFOPLIST_KEY_UIApplicationSupportsIndirectInputEvents = YES;
				INFOPLIST_KEY_UILaunchStoryboardName = LaunchScreen;
				INFOPLIST_KEY_UIMainStoryboardFile = Main;
				INFOPLIST_KEY_UISupportedInterfaceOrientations_iPad = "UIInterfaceOrientationPortrait UIInterfaceOrientationPortraitUpsideDown UIInterfaceOrientationLandscapeLeft UIInterfaceOrientationLandscapeRight";
				INFOPLIST_KEY_UISupportedInterfaceOrientations_iPhone = "UIInterfaceOrientationPortrait UIInterfaceOrientationLandscapeLeft UIInterfaceOrientationLandscapeRight";
				LD_RUNPATH_SEARCH_PATHS = (
					"$(inherited)",
					"@executable_path/Frameworks",
				);
				MARKETING_VERSION = 1.0;
				PRODUCT_BUNDLE_IDENTIFIER = clc.AssignmentNotebook;
				PRODUCT_NAME = "$(TARGET_NAME)";
				SWIFT_EMIT_LOC_STRINGS = YES;
				SWIFT_VERSION = 5.0;
				TARGETED_DEVICE_FAMILY = "1,2";
			};
			name = Debug;
		};
		B940AFA627565E8900803314 /* Release */ = {
			isa = XCBuildConfiguration;
			buildSettings = {
				ASSETCATALOG_COMPILER_APPICON_NAME = AppIcon;
				ASSETCATALOG_COMPILER_GLOBAL_ACCENT_COLOR_NAME = AccentColor;
				CODE_SIGN_STYLE = Automatic;
				CURRENT_PROJECT_VERSION = 1;
				DEVELOPMENT_TEAM = A59HU95FY2;
				GENERATE_INFOPLIST_FILE = YES;
				INFOPLIST_FILE = AssignmentNotebook/Info.plist;
				INFOPLIST_KEY_UIApplicationSupportsIndirectInputEvents = YES;
				INFOPLIST_KEY_UILaunchStoryboardName = LaunchScreen;
				INFOPLIST_KEY_UIMainStoryboardFile = Main;
				INFOPLIST_KEY_UISupportedInterfaceOrientations_iPad = "UIInterfaceOrientationPortrait UIInterfaceOrientationPortraitUpsideDown UIInterfaceOrientationLandscapeLeft UIInterfaceOrientationLandscapeRight";
				INFOPLIST_KEY_UISupportedInterfaceOrientations_iPhone = "UIInterfaceOrientationPortrait UIInterfaceOrientationLandscapeLeft UIInterfaceOrientationLandscapeRight";
				LD_RUNPATH_SEARCH_PATHS = (
					"$(inherited)",
					"@executable_path/Frameworks",
				);
				MARKETING_VERSION = 1.0;
				PRODUCT_BUNDLE_IDENTIFIER = clc.AssignmentNotebook;
				PRODUCT_NAME = "$(TARGET_NAME)";
				SWIFT_EMIT_LOC_STRINGS = YES;
				SWIFT_VERSION = 5.0;
				TARGETED_DEVICE_FAMILY = "1,2";
			};
			name = Release;
		};
/* End XCBuildConfiguration section */

/* Begin XCConfigurationList section */
		B940AF8827565E8700803314 /* Build configuration list for PBXProject "AssignmentNotebook" */ = {
			isa = XCConfigurationList;
			buildConfigurations = (
				B940AFA227565E8900803314 /* Debug */,
				B940AFA327565E8900803314 /* Release */,
			);
			defaultConfigurationIsVisible = 0;
			defaultConfigurationName = Release;
		};
		B940AFA427565E8900803314 /* Build configuration list for PBXNativeTarget "AssignmentNotebook" */ = {
			isa = XCConfigurationList;
			buildConfigurations = (
				B940AFA527565E8900803314 /* Debug */,
				B940AFA627565E8900803314 /* Release */,
			);
			defaultConfigurationIsVisible = 0;
			defaultConfigurationName = Release;
		};
/* End XCConfigurationList section */

/* Begin XCVersionGroup section */
		B940AF9927565E8700803314 /* AssignmentNotebook.xcdatamodeld */ = {
			isa = XCVersionGroup;
			children = (
				B940AF9A27565E8700803314 /* AssignmentNotebook.xcdatamodel */,
			);
			currentVersion = B940AF9A27565E8700803314 /* AssignmentNotebook.xcdatamodel */;
			path = AssignmentNotebook.xcdatamodeld;
			sourceTree = "<group>";
			versionGroupType = wrapper.xcdatamodel;
		};
/* End XCVersionGroup section */
	};
	rootObject = B940AF8527565E8700803314 /* Project object */;
}
